
Microsoft Visual Studio Solution File, Format Version 12.00
# Visual Studio Version 17
VisualStudioVersion = 17.14.36401.2 d17.14
MinimumVisualStudioVersion = 10.0.40219.1
Project("{FAE04EC0-301F-11D3-BF4B-00C04F79EFBC}") = "TodoApp.Shared", "TodoApp.Shared\TodoApp.Shared.csproj", "{4BBB1CCD-0ABA-4490-8100-1DB8DDFF80FD}"
EndProject
Project("{FAE04EC0-301F-11D3-BF4B-00C04F79EFBC}") = "TodoApp.App", "TodoApp.App\TodoApp.App.csproj", "{2C2C594E-B578-4752-95D8-380CA4F7B491}"
EndProject
Project("{FAE04EC0-301F-11D3-BF4B-00C04F79EFBC}") = "TodoApp.Wpf", "TodoApp.Wpf\TodoApp.Wpf.csproj", "{028E9A6F-79BC-489B-B600-90DF31F04807}"
EndProject
Project("{FAE04EC0-301F-11D3-BF4B-00C04F79EFBC}") = "TodoApi", "TodoApi\TodoApi.csproj", "{2E0C0AAF-BC7A-422B-B350-DAB17FE2A15E}"
EndProject
Global
	GlobalSection(SolutionConfigurationPlatforms) = preSolution
		Debug|Any CPU = Debug|Any CPU
		Release|Any CPU = Release|Any CPU
	EndGlobalSection
	GlobalSection(ProjectConfigurationPlatforms) = postSolution
		{4BBB1CCD-0ABA-4490-8100-1DB8DDFF80FD}.Debug|Any CPU.ActiveCfg = Debug|Any CPU
		{4BBB1CCD-0ABA-4490-8100-1DB8DDFF80FD}.Debug|Any CPU.Build.0 = Debug|Any CPU
		{4BBB1CCD-0ABA-4490-8100-1DB8DDFF80FD}.Release|Any CPU.ActiveCfg = Release|Any CPU
		{4BBB1CCD-0ABA-4490-8100-1DB8DDFF80FD}.Release|Any CPU.Build.0 = Release|Any CPU
		{2C2C594E-B578-4752-95D8-380CA4F7B491}.Debug|Any CPU.ActiveCfg = Debug|Any CPU
		{2C2C594E-B578-4752-95D8-380CA4F7B491}.Debug|Any CPU.Build.0 = Debug|Any CPU
		{2C2C594E-B578-4752-95D8-380CA4F7B491}.Release|Any CPU.ActiveCfg = Release|Any CPU
		{2C2C594E-B578-4752-95D8-380CA4F7B491}.Release|Any CPU.Build.0 = Release|Any CPU
		{028E9A6F-79BC-489B-B600-90DF31F04807}.Debug|Any CPU.ActiveCfg = Debug|Any CPU
		{028E9A6F-79BC-489B-B600-90DF31F04807}.Debug|Any CPU.Build.0 = Debug|Any CPU
		{028E9A6F-79BC-489B-B600-90DF31F04807}.Release|Any CPU.ActiveCfg = Release|Any CPU
		{028E9A6F-79BC-489B-B600-90DF31F04807}.Release|Any CPU.Build.0 = Release|Any CPU
		{2E0C0AAF-BC7A-422B-B350-DAB17FE2A15E}.Debug|Any CPU.ActiveCfg = Debug|Any CPU
		{2E0C0AAF-BC7A-422B-B350-DAB17FE2A15E}.Debug|Any CPU.Build.0 = Debug|Any CPU
		{2E0C0AAF-BC7A-422B-B350-DAB17FE2A15E}.Release|Any CPU.ActiveCfg = Release|Any CPU
		{2E0C0AAF-BC7A-422B-B350-DAB17FE2A15E}.Release|Any CPU.Build.0 = Release|Any CPU
	EndGlobalSection
	GlobalSection(SolutionProperties) = preSolution
		HideSolutionNode = FALSE
	EndGlobalSection
	GlobalSection(ExtensibilityGlobals) = postSolution
		SolutionGuid = {3E5B42BB-FDD7-47E0-A084-D3EEC792D9A8}
	EndGlobalSection
EndGlobal
